{
  "pins" : [
    {
      "identity" : "locker",
      "kind" : "remoteSourceControl",
      "location" : "https://github.com/infinum/Locker.git",
      "state" : {
        "revision" : "45247dd1ab435d81ae2151fdb7f43d510d929f62",
        "version" : "3.0.6"
      }
    },
    {
      "identity" : "newrelic-ios-agent-spm",
      "kind" : "remoteSourceControl",
      "location" : "https://github.com/newrelic/newrelic-ios-agent-spm",
      "state" : {
        "revision" : "5db4ebdd71dcefab4719f8a049ac50dc3721759b",
        "version" : "7.7.3"
      }
    }
  ],
  "version" : 2
}
