{
  "pins" : [
    {
      "identity" : "locker",
      "kind" : "remoteSourceControl",
      "location" : "https://github.com/infinum/Locker.git",
      "state" : {
        "revision" : "45247dd1ab435d81ae2151fdb7f43d510d929f62",
        "version" : "3.0.6"
      }
    },
    {
      "identity" : "newrelic-ios-agent-spm",
      "kind" : "remoteSourceControl",
      "location" : "https://github.com/newrelic/newrelic-ios-agent-spm",
      "state" : {
        "revision" : "7f95f9b6e51b1da6e01a0878c5ed53a520b4181b",
        "version" : "7.7.4"
      }
    }
  ],
  "version" : 2
}
